
Microsoft Visual Studio Solution File, Format Version 12.00
# Visual Studio 15
Project("{FAE04EC0-301F-11D3-BF4B-00C04F79EFBC}") = "Assembly-CSharp", "Assembly-CSharp.csproj", "{3D56F672-1384-750D-F48B-798C884E3ED3}"
EndProject
Project("{FAE04EC0-301F-11D3-BF4B-00C04F79EFBC}") = "Assembly-CSharp-Editor", "Assembly-CSharp-Editor.csproj", "{ECEDC787-BC98-A1E5-5FEB-7B016DDA6CF7}"
EndProject
Global
	GlobalSection(SolutionConfigurationPlatforms) = preSolution
		Debug|Any CPU = Debug|Any CPU
		Release|Any CPU = Release|Any CPU
	EndGlobalSection
	GlobalSection(ProjectConfigurationPlatforms) = postSolution
		{3D56F672-1384-750D-F48B-798C884E3ED3}.Debug|Any CPU.ActiveCfg = Debug|Any CPU
		{3D56F672-1384-750D-F48B-798C884E3ED3}.Debug|Any CPU.Build.0 = Debug|Any CPU
		{3D56F672-1384-750D-F48B-798C884E3ED3}.Release|Any CPU.ActiveCfg = Release|Any CPU
		{3D56F672-1384-750D-F48B-798C884E3ED3}.Release|Any CPU.Build.0 = Release|Any CPU
		{ECEDC787-BC98-A1E5-5FEB-7B016DDA6CF7}.Debug|Any CPU.ActiveCfg = Debug|Any CPU
		{ECEDC787-BC98-A1E5-5FEB-7B016DDA6CF7}.Debug|Any CPU.Build.0 = Debug|Any CPU
		{ECEDC787-BC98-A1E5-5FEB-7B016DDA6CF7}.Release|Any CPU.ActiveCfg = Release|Any CPU
		{ECEDC787-BC98-A1E5-5FEB-7B016DDA6CF7}.Release|Any CPU.Build.0 = Release|Any CPU
	EndGlobalSection
	GlobalSection(SolutionProperties) = preSolution
		HideSolutionNode = FALSE
	EndGlobalSection
EndGlobal
